// !$*UTF8*$!
{
	archiveVersion = 1;
	classes = {
	};
	objectVersion = 50;
	objects = {

/* Begin PBXBuildFile section */
		C827BC3F2365765500EA1D36 /* addUpdateCommand.cpp in Sources */ = {isa = PBXBuildFile; fileRef = C827BC3D2365765400EA1D36 /* addUpdateCommand.cpp */; };
		C86902BA23656A8C00DE142C /* assignment3.cpp in Sources */ = {isa = PBXBuildFile; fileRef = C86902B923656A8C00DE142C /* assignment3.cpp */; };
		C86902C423656AC200DE142C /* phoneBookEntry.cpp in Sources */ = {isa = PBXBuildFile; fileRef = C86902C223656AC100DE142C /* phoneBookEntry.cpp */; };
		C86902CF23656C7300DE142C /* bookCommand.cpp in Sources */ = {isa = PBXBuildFile; fileRef = C86902CB23656C7300DE142C /* bookCommand.cpp */; };
		C86902D023656C7300DE142C /* menuList.cpp in Sources */ = {isa = PBXBuildFile; fileRef = C86902CC23656C7300DE142C /* menuList.cpp */; };
		C86902D123656C7300DE142C /* eraseCommand.cpp in Sources */ = {isa = PBXBuildFile; fileRef = C86902CE23656C7300DE142C /* eraseCommand.cpp */; };
		C86902D523656C8100DE142C /* phoneBook.cpp in Sources */ = {isa = PBXBuildFile; fileRef = C86902D223656C8000DE142C /* phoneBook.cpp */; };
		C86902D623656C8100DE142C /* printCommand.cpp in Sources */ = {isa = PBXBuildFile; fileRef = C86902D323656C8100DE142C /* printCommand.cpp */; };
/* End PBXBuildFile section */

/* Begin PBXCopyFilesBuildPhase section */
		C86902B423656A8C00DE142C /* CopyFiles */ = {
			isa = PBXCopyFilesBuildPhase;
			buildActionMask = 2147483647;
			dstPath = /usr/share/man/man1/;
			dstSubfolderSpec = 0;
			files = (
			);
			runOnlyForDeploymentPostprocessing = 1;
		};
/* End PBXCopyFilesBuildPhase section */

/* Begin PBXFileReference section */
		C827BC3D2365765400EA1D36 /* addUpdateCommand.cpp */ = {isa = PBXFileReference; fileEncoding = 4; lastKnownFileType = sourcecode.cpp.cpp; path = addUpdateCommand.cpp; sourceTree = "<group>"; };
		C827BC3E2365765400EA1D36 /* addUpdateCommand.h */ = {isa = PBXFileReference; fileEncoding = 4; lastKnownFileType = sourcecode.c.h; path = addUpdateCommand.h; sourceTree = "<group>"; };
		C86902B623656A8C00DE142C /* PhoneBookPart2 */ = {isa = PBXFileReference; explicitFileType = "compiled.mach-o.executable"; includeInIndex = 0; path = PhoneBookPart2; sourceTree = BUILT_PRODUCTS_DIR; };
		C86902B923656A8C00DE142C /* assignment3.cpp */ = {isa = PBXFileReference; lastKnownFileType = sourcecode.cpp.cpp; path = assignment3.cpp; sourceTree = "<group>"; };
		C86902C023656AC100DE142C /* linkedList.h */ = {isa = PBXFileReference; fileEncoding = 4; lastKnownFileType = sourcecode.c.h; path = linkedList.h; sourceTree = "<group>"; };
		C86902C123656AC100DE142C /* orderedLinkedList.h */ = {isa = PBXFileReference; fileEncoding = 4; lastKnownFileType = sourcecode.c.h; path = orderedLinkedList.h; sourceTree = "<group>"; };
		C86902C223656AC100DE142C /* phoneBookEntry.cpp */ = {isa = PBXFileReference; fileEncoding = 4; lastKnownFileType = sourcecode.cpp.cpp; path = phoneBookEntry.cpp; sourceTree = "<group>"; };
		C86902C323656AC200DE142C /* phoneBookEntry.h */ = {isa = PBXFileReference; fileEncoding = 4; lastKnownFileType = sourcecode.c.h; path = phoneBookEntry.h; sourceTree = "<group>"; };
		C86902C523656C7300DE142C /* decrementCommand.h */ = {isa = PBXFileReference; fileEncoding = 4; lastKnownFileType = sourcecode.c.h; path = decrementCommand.h; sourceTree = "<group>"; };
		C86902C623656C7300DE142C /* eraseCommand.h */ = {isa = PBXFileReference; fileEncoding = 4; lastKnownFileType = sourcecode.c.h; path = eraseCommand.h; sourceTree = "<group>"; };
		C86902C723656C7300DE142C /* incrementCommand.h */ = {isa = PBXFileReference; fileEncoding = 4; lastKnownFileType = sourcecode.c.h; path = incrementCommand.h; sourceTree = "<group>"; };
		C86902C823656C7300DE142C /* command.h */ = {isa = PBXFileReference; fileEncoding = 4; lastKnownFileType = sourcecode.c.h; path = command.h; sourceTree = "<group>"; };
		C86902C923656C7300DE142C /* phoneBook.h */ = {isa = PBXFileReference; fileEncoding = 4; lastKnownFileType = sourcecode.c.h; path = phoneBook.h; sourceTree = "<group>"; };
		C86902CA23656C7300DE142C /* bookCommand.h */ = {isa = PBXFileReference; fileEncoding = 4; lastKnownFileType = sourcecode.c.h; path = bookCommand.h; sourceTree = "<group>"; };
		C86902CB23656C7300DE142C /* bookCommand.cpp */ = {isa = PBXFileReference; fileEncoding = 4; lastKnownFileType = sourcecode.cpp.cpp; path = bookCommand.cpp; sourceTree = "<group>"; };
		C86902CC23656C7300DE142C /* menuList.cpp */ = {isa = PBXFileReference; fileEncoding = 4; lastKnownFileType = sourcecode.cpp.cpp; path = menuList.cpp; sourceTree = "<group>"; };
		C86902CD23656C7300DE142C /* menuList.h */ = {isa = PBXFileReference; fileEncoding = 4; lastKnownFileType = sourcecode.c.h; path = menuList.h; sourceTree = "<group>"; };
		C86902CE23656C7300DE142C /* eraseCommand.cpp */ = {isa = PBXFileReference; fileEncoding = 4; lastKnownFileType = sourcecode.cpp.cpp; path = eraseCommand.cpp; sourceTree = "<group>"; };
		C86902D223656C8000DE142C /* phoneBook.cpp */ = {isa = PBXFileReference; fileEncoding = 4; lastKnownFileType = sourcecode.cpp.cpp; path = phoneBook.cpp; sourceTree = "<group>"; };
		C86902D323656C8100DE142C /* printCommand.cpp */ = {isa = PBXFileReference; fileEncoding = 4; lastKnownFileType = sourcecode.cpp.cpp; path = printCommand.cpp; sourceTree = "<group>"; };
		C86902D423656C8100DE142C /* printCommand.h */ = {isa = PBXFileReference; fileEncoding = 4; lastKnownFileType = sourcecode.c.h; path = printCommand.h; sourceTree = "<group>"; };
/* End PBXFileReference section */

/* Begin PBXFrameworksBuildPhase section */
		C86902B323656A8C00DE142C /* Frameworks */ = {
			isa = PBXFrameworksBuildPhase;
			buildActionMask = 2147483647;
			files = (
			);
			runOnlyForDeploymentPostprocessing = 0;
		};
/* End PBXFrameworksBuildPhase section */

/* Begin PBXGroup section */
		C86902AD23656A8C00DE142C = {
			isa = PBXGroup;
			children = (
				C86902B823656A8C00DE142C /* PhoneBookPart2 */,
				C86902B723656A8C00DE142C /* Products */,
			);
			sourceTree = "<group>";
		};
		C86902B723656A8C00DE142C /* Products */ = {
			isa = PBXGroup;
			children = (
				C86902B623656A8C00DE142C /* PhoneBookPart2 */,
			);
			name = Products;
			sourceTree = "<group>";
		};
		C86902B823656A8C00DE142C /* PhoneBookPart2 */ = {
			isa = PBXGroup;
			children = (
				C827BC3D2365765400EA1D36 /* addUpdateCommand.cpp */,
				C827BC3E2365765400EA1D36 /* addUpdateCommand.h */,
				C86902D223656C8000DE142C /* phoneBook.cpp */,
				C86902D323656C8100DE142C /* printCommand.cpp */,
				C86902D423656C8100DE142C /* printCommand.h */,
				C86902CB23656C7300DE142C /* bookCommand.cpp */,
				C86902CA23656C7300DE142C /* bookCommand.h */,
				C86902C823656C7300DE142C /* command.h */,
				C86902C523656C7300DE142C /* decrementCommand.h */,
				C86902CE23656C7300DE142C /* eraseCommand.cpp */,
				C86902C623656C7300DE142C /* eraseCommand.h */,
				C86902C723656C7300DE142C /* incrementCommand.h */,
				C86902CC23656C7300DE142C /* menuList.cpp */,
				C86902CD23656C7300DE142C /* menuList.h */,
				C86902C923656C7300DE142C /* phoneBook.h */,
				C86902C023656AC100DE142C /* linkedList.h */,
				C86902C123656AC100DE142C /* orderedLinkedList.h */,
				C86902C223656AC100DE142C /* phoneBookEntry.cpp */,
				C86902C323656AC200DE142C /* phoneBookEntry.h */,
				C86902B923656A8C00DE142C /* assignment3.cpp */,
			);
			path = PhoneBookPart2;
			sourceTree = "<group>";
		};
/* End PBXGroup section */

/* Begin PBXNativeTarget section */
		C86902B523656A8C00DE142C /* PhoneBookPart2 */ = {
			isa = PBXNativeTarget;
			buildConfigurationList = C86902BD23656A8C00DE142C /* Build configuration list for PBXNativeTarget "PhoneBookPart2" */;
			buildPhases = (
				C86902B223656A8C00DE142C /* Sources */,
				C86902B323656A8C00DE142C /* Frameworks */,
				C86902B423656A8C00DE142C /* CopyFiles */,
			);
			buildRules = (
			);
			dependencies = (
			);
			name = PhoneBookPart2;
			productName = PhoneBookPart2;
			productReference = C86902B623656A8C00DE142C /* PhoneBookPart2 */;
			productType = "com.apple.product-type.tool";
		};
/* End PBXNativeTarget section */

/* Begin PBXProject section */
		C86902AE23656A8C00DE142C /* Project object */ = {
			isa = PBXProject;
			attributes = {
				LastUpgradeCheck = 1100;
				ORGANIZATIONNAME = "Tahmid Imran";
				TargetAttributes = {
					C86902B523656A8C00DE142C = {
						CreatedOnToolsVersion = 11.0;
					};
				};
			};
			buildConfigurationList = C86902B123656A8C00DE142C /* Build configuration list for PBXProject "PhoneBookPart2" */;
			compatibilityVersion = "Xcode 9.3";
			developmentRegion = en;
			hasScannedForEncodings = 0;
			knownRegions = (
				en,
				Base,
			);
			mainGroup = C86902AD23656A8C00DE142C;
			productRefGroup = C86902B723656A8C00DE142C /* Products */;
			projectDirPath = "";
			projectRoot = "";
			targets = (
				C86902B523656A8C00DE142C /* PhoneBookPart2 */,
			);
		};
/* End PBXProject section */

/* Begin PBXSourcesBuildPhase section */
		C86902B223656A8C00DE142C /* Sources */ = {
			isa = PBXSourcesBuildPhase;
			buildActionMask = 2147483647;
			files = (
				C827BC3F2365765500EA1D36 /* addUpdateCommand.cpp in Sources */,
				C86902C423656AC200DE142C /* phoneBookEntry.cpp in Sources */,
				C86902BA23656A8C00DE142C /* assignment3.cpp in Sources */,
				C86902D123656C7300DE142C /* eraseCommand.cpp in Sources */,
				C86902D523656C8100DE142C /* phoneBook.cpp in Sources */,
				C86902D023656C7300DE142C /* menuList.cpp in Sources */,
				C86902CF23656C7300DE142C /* bookCommand.cpp in Sources */,
				C86902D623656C8100DE142C /* printCommand.cpp in Sources */,
			);
			runOnlyForDeploymentPostprocessing = 0;
		};
/* End PBXSourcesBuildPhase section */

/* Begin XCBuildConfiguration section */
		C86902BB23656A8C00DE142C /* Debug */ = {
			isa = XCBuildConfiguration;
			buildSettings = {
				ALWAYS_SEARCH_USER_PATHS = NO;
				CLANG_ANALYZER_NONNULL = YES;
				CLANG_ANALYZER_NUMBER_OBJECT_CONVERSION = YES_AGGRESSIVE;
				CLANG_CXX_LANGUAGE_STANDARD = "gnu++14";
				CLANG_CXX_LIBRARY = "libc++";
				CLANG_ENABLE_MODULES = YES;
				CLANG_ENABLE_OBJC_ARC = YES;
				CLANG_ENABLE_OBJC_WEAK = YES;
				CLANG_WARN_BLOCK_CAPTURE_AUTORELEASING = YES;
				CLANG_WARN_BOOL_CONVERSION = YES;
				CLANG_WARN_COMMA = YES;
				CLANG_WARN_CONSTANT_CONVERSION = YES;
				CLANG_WARN_DEPRECATED_OBJC_IMPLEMENTATIONS = YES;
				CLANG_WARN_DIRECT_OBJC_ISA_USAGE = YES_ERROR;
				CLANG_WARN_DOCUMENTATION_COMMENTS = YES;
				CLANG_WARN_EMPTY_BODY = YES;
				CLANG_WARN_ENUM_CONVERSION = YES;
				CLANG_WARN_INFINITE_RECURSION = YES;
				CLANG_WARN_INT_CONVERSION = YES;
				CLANG_WARN_NON_LITERAL_NULL_CONVERSION = YES;
				CLANG_WARN_OBJC_IMPLICIT_RETAIN_SELF = YES;
				CLANG_WARN_OBJC_LITERAL_CONVERSION = YES;
				CLANG_WARN_OBJC_ROOT_CLASS = YES_ERROR;
				CLANG_WARN_RANGE_LOOP_ANALYSIS = YES;
				CLANG_WARN_STRICT_PROTOTYPES = YES;
				CLANG_WARN_SUSPICIOUS_MOVE = YES;
				CLANG_WARN_UNGUARDED_AVAILABILITY = YES_AGGRESSIVE;
				CLANG_WARN_UNREACHABLE_CODE = YES;
				CLANG_WARN__DUPLICATE_METHOD_MATCH = YES;
				COPY_PHASE_STRIP = NO;
				DEBUG_INFORMATION_FORMAT = dwarf;
				ENABLE_STRICT_OBJC_MSGSEND = YES;
				ENABLE_TESTABILITY = YES;
				GCC_C_LANGUAGE_STANDARD = gnu11;
				GCC_DYNAMIC_NO_PIC = NO;
				GCC_NO_COMMON_BLOCKS = YES;
				GCC_OPTIMIZATION_LEVEL = 0;
				GCC_PREPROCESSOR_DEFINITIONS = (
					"DEBUG=1",
					"$(inherited)",
				);
				GCC_WARN_64_TO_32_BIT_CONVERSION = YES;
				GCC_WARN_ABOUT_RETURN_TYPE = YES_ERROR;
				GCC_WARN_UNDECLARED_SELECTOR = YES;
				GCC_WARN_UNINITIALIZED_AUTOS = YES_AGGRESSIVE;
				GCC_WARN_UNUSED_FUNCTION = YES;
				GCC_WARN_UNUSED_VARIABLE = YES;
				MACOSX_DEPLOYMENT_TARGET = 10.15;
				MTL_ENABLE_DEBUG_INFO = INCLUDE_SOURCE;
				MTL_FAST_MATH = YES;
				ONLY_ACTIVE_ARCH = YES;
				SDKROOT = macosx;
			};
			name = Debug;
		};
		C86902BC23656A8C00DE142C /* Release */ = {
			isa = XCBuildConfiguration;
			buildSettings = {
				ALWAYS_SEARCH_USER_PATHS = NO;
				CLANG_ANALYZER_NONNULL = YES;
				CLANG_ANALYZER_NUMBER_OBJECT_CONVERSION = YES_AGGRESSIVE;
				CLANG_CXX_LANGUAGE_STANDARD = "gnu++14";
				CLANG_CXX_LIBRARY = "libc++";
				CLANG_ENABLE_MODULES = YES;
				CLANG_ENABLE_OBJC_ARC = YES;
				CLANG_ENABLE_OBJC_WEAK = YES;
				CLANG_WARN_BLOCK_CAPTURE_AUTORELEASING = YES;
				CLANG_WARN_BOOL_CONVERSION = YES;
				CLANG_WARN_COMMA = YES;
				CLANG_WARN_CONSTANT_CONVERSION = YES;
				CLANG_WARN_DEPRECATED_OBJC_IMPLEMENTATIONS = YES;
				CLANG_WARN_DIRECT_OBJC_ISA_USAGE = YES_ERROR;
				CLANG_WARN_DOCUMENTATION_COMMENTS = YES;
				CLANG_WARN_EMPTY_BODY = YES;
				CLANG_WARN_ENUM_CONVERSION = YES;
				CLANG_WARN_INFINITE_RECURSION = YES;
				CLANG_WARN_INT_CONVERSION = YES;
				CLANG_WARN_NON_LITERAL_NULL_CONVERSION = YES;
				CLANG_WARN_OBJC_IMPLICIT_RETAIN_SELF = YES;
				CLANG_WARN_OBJC_LITERAL_CONVERSION = YES;
				CLANG_WARN_OBJC_ROOT_CLASS = YES_ERROR;
				CLANG_WARN_RANGE_LOOP_ANALYSIS = YES;
				CLANG_WARN_STRICT_PROTOTYPES = YES;
				CLANG_WARN_SUSPICIOUS_MOVE = YES;
				CLANG_WARN_UNGUARDED_AVAILABILITY = YES_AGGRESSIVE;
				CLANG_WARN_UNREACHABLE_CODE = YES;
				CLANG_WARN__DUPLICATE_METHOD_MATCH = YES;
				COPY_PHASE_STRIP = NO;
				DEBUG_INFORMATION_FORMAT = "dwarf-with-dsym";
				ENABLE_NS_ASSERTIONS = NO;
				ENABLE_STRICT_OBJC_MSGSEND = YES;
				GCC_C_LANGUAGE_STANDARD = gnu11;
				GCC_NO_COMMON_BLOCKS = YES;
				GCC_WARN_64_TO_32_BIT_CONVERSION = YES;
				GCC_WARN_ABOUT_RETURN_TYPE = YES_ERROR;
				GCC_WARN_UNDECLARED_SELECTOR = YES;
				GCC_WARN_UNINITIALIZED_AUTOS = YES_AGGRESSIVE;
				GCC_WARN_UNUSED_FUNCTION = YES;
				GCC_WARN_UNUSED_VARIABLE = YES;
				MACOSX_DEPLOYMENT_TARGET = 10.15;
				MTL_ENABLE_DEBUG_INFO = NO;
				MTL_FAST_MATH = YES;
				SDKROOT = macosx;
			};
			name = Release;
		};
		C86902BE23656A8C00DE142C /* Debug */ = {
			isa = XCBuildConfiguration;
			buildSettings = {
				CODE_SIGN_STYLE = Automatic;
				PRODUCT_NAME = "$(TARGET_NAME)";
			};
			name = Debug;
		};
		C86902BF23656A8C00DE142C /* Release */ = {
			isa = XCBuildConfiguration;
			buildSettings = {
				CODE_SIGN_STYLE = Automatic;
				PRODUCT_NAME = "$(TARGET_NAME)";
			};
			name = Release;
		};
/* End XCBuildConfiguration section */

/* Begin XCConfigurationList section */
		C86902B123656A8C00DE142C /* Build configuration list for PBXProject "PhoneBookPart2" */ = {
			isa = XCConfigurationList;
			buildConfigurations = (
				C86902BB23656A8C00DE142C /* Debug */,
				C86902BC23656A8C00DE142C /* Release */,
			);
			defaultConfigurationIsVisible = 0;
			defaultConfigurationName = Release;
		};
		C86902BD23656A8C00DE142C /* Build configuration list for PBXNativeTarget "PhoneBookPart2" */ = {
			isa = XCConfigurationList;
			buildConfigurations = (
				C86902BE23656A8C00DE142C /* Debug */,
				C86902BF23656A8C00DE142C /* Release */,
			);
			defaultConfigurationIsVisible = 0;
			defaultConfigurationName = Release;
		};
/* End XCConfigurationList section */
	};
	rootObject = C86902AE23656A8C00DE142C /* Project object */;
}
